
Microsoft Visual Studio Solution File, Format Version 12.00
# Visual Studio 15
VisualStudioVersion = 15.0.27703.2042
MinimumVisualStudioVersion = 10.0.40219.1
Project("{9092AA53-FB77-4645-B42D-1CCCA6BD08BD}") = "NodejsWebApp4", "NodejsWebApp4\NodejsWebApp4.njsproj", "{EACE6965-F840-4B91-8CD2-EADBAC9194A3}"
EndProject
Global
	GlobalSection(SolutionConfigurationPlatforms) = preSolution
		Debug|Any CPU = Debug|Any CPU
		Release|Any CPU = Release|Any CPU
	EndGlobalSection
	GlobalSection(ProjectConfigurationPlatforms) = postSolution
		{EACE6965-F840-4B91-8CD2-EADBAC9194A3}.Debug|Any CPU.ActiveCfg = Debug|Any CPU
		{EACE6965-F840-4B91-8CD2-EADBAC9194A3}.Debug|Any CPU.Build.0 = Debug|Any CPU
		{EACE6965-F840-4B91-8CD2-EADBAC9194A3}.Release|Any CPU.ActiveCfg = Release|Any CPU
		{EACE6965-F840-4B91-8CD2-EADBAC9194A3}.Release|Any CPU.Build.0 = Release|Any CPU
	EndGlobalSection
	GlobalSection(SolutionProperties) = preSolution
		HideSolutionNode = FALSE
	EndGlobalSection
	GlobalSection(ExtensibilityGlobals) = postSolution
		SolutionGuid = {BC4D834A-65EE-44B3-B81E-C88CE73F8039}
	EndGlobalSection
EndGlobal
